
Microsoft Visual Studio Solution File, Format Version 12.00
# Visual Studio Version 16
VisualStudioVersion = 16.0.29411.108
MinimumVisualStudioVersion = 10.0.40219.1
Project("{9A19103F-16F7-4668-BE54-9A1E7A4F7556}") = "ParasutClient", "ParasutClient\ParasutClient.csproj", "{35841040-DA70-4705-A41E-892D79E800A2}"
EndProject
Global
	GlobalSection(SolutionConfigurationPlatforms) = preSolution
		Debug|Any CPU = Debug|Any CPU
		Release|Any CPU = Release|Any CPU
	EndGlobalSection
	GlobalSection(ProjectConfigurationPlatforms) = postSolution
		{35841040-DA70-4705-A41E-892D79E800A2}.Debug|Any CPU.ActiveCfg = Debug|Any CPU
		{35841040-DA70-4705-A41E-892D79E800A2}.Debug|Any CPU.Build.0 = Debug|Any CPU
		{35841040-DA70-4705-A41E-892D79E800A2}.Release|Any CPU.ActiveCfg = Release|Any CPU
		{35841040-DA70-4705-A41E-892D79E800A2}.Release|Any CPU.Build.0 = Release|Any CPU
	EndGlobalSection
	GlobalSection(SolutionProperties) = preSolution
		HideSolutionNode = FALSE
	EndGlobalSection
	GlobalSection(ExtensibilityGlobals) = postSolution
		SolutionGuid = {137ADFBD-A6CA-4B38-83E2-B916BD58E29A}
	EndGlobalSection
EndGlobal
